
Microsoft Visual Studio Solution File, Format Version 12.00
# Visual Studio Version 17
VisualStudioVersion = 17.3.32901.215
MinimumVisualStudioVersion = 10.0.40219.1
Project("{9A19103F-16F7-4668-BE54-9A1E7A4F7556}") = "DNDCharacterSheet", "WpfTestingObjectLiterals121222022\DNDCharacterSheet.csproj", "{4530A3E5-8FDF-4EEC-A208-47681E7571DC}"
EndProject
Global
	GlobalSection(SolutionConfigurationPlatforms) = preSolution
		Debug|Any CPU = Debug|Any CPU
		Release|Any CPU = Release|Any CPU
	EndGlobalSection
	GlobalSection(ProjectConfigurationPlatforms) = postSolution
		{4530A3E5-8FDF-4EEC-A208-47681E7571DC}.Debug|Any CPU.ActiveCfg = Debug|Any CPU
		{4530A3E5-8FDF-4EEC-A208-47681E7571DC}.Debug|Any CPU.Build.0 = Debug|Any CPU
		{4530A3E5-8FDF-4EEC-A208-47681E7571DC}.Release|Any CPU.ActiveCfg = Release|Any CPU
		{4530A3E5-8FDF-4EEC-A208-47681E7571DC}.Release|Any CPU.Build.0 = Release|Any CPU
	EndGlobalSection
	GlobalSection(SolutionProperties) = preSolution
		HideSolutionNode = FALSE
	EndGlobalSection
	GlobalSection(ExtensibilityGlobals) = postSolution
		SolutionGuid = {AD6833E5-1BA2-4FFC-946F-5AE7DE4612C0}
	EndGlobalSection
EndGlobal
